
Microsoft Visual Studio Solution File, Format Version 12.00
# Visual Studio Version 17
VisualStudioVersion = 17.11.35312.102
MinimumVisualStudioVersion = 10.0.40219.1
Project("{9A19103F-16F7-4668-BE54-9A1E7A4F7556}") = "CRUDNetRazord", "CRUDNetRazord\CRUDNetRazord.csproj", "{5AD880B8-F6AF-43CF-9E9F-02AB2F9C595D}"
EndProject
Global
	GlobalSection(SolutionConfigurationPlatforms) = preSolution
		Debug|Any CPU = Debug|Any CPU
		Release|Any CPU = Release|Any CPU
	EndGlobalSection
	GlobalSection(ProjectConfigurationPlatforms) = postSolution
		{5AD880B8-F6AF-43CF-9E9F-02AB2F9C595D}.Debug|Any CPU.ActiveCfg = Debug|Any CPU
		{5AD880B8-F6AF-43CF-9E9F-02AB2F9C595D}.Debug|Any CPU.Build.0 = Debug|Any CPU
		{5AD880B8-F6AF-43CF-9E9F-02AB2F9C595D}.Release|Any CPU.ActiveCfg = Release|Any CPU
		{5AD880B8-F6AF-43CF-9E9F-02AB2F9C595D}.Release|Any CPU.Build.0 = Release|Any CPU
	EndGlobalSection
	GlobalSection(SolutionProperties) = preSolution
		HideSolutionNode = FALSE
	EndGlobalSection
	GlobalSection(ExtensibilityGlobals) = postSolution
		SolutionGuid = {6C5C8214-7C5A-4C18-A844-739448BB0057}
	EndGlobalSection
EndGlobal
